github.com/edsrzf/mmap-go v1.1.0 h1:6EUwBLQ/Mcr1EYLE4Tn1VdW1A4ckqCQWZBw8Hr0kjpQ=
github.com/edsrzf/mmap-go v1.1.0/go.mod h1:19H/e8pUPLicwkyNgOykDXkJ9F0MHE+Z52B8EIth78Q=
github.com/kopoli/go-terminal-size v0.0.0-20170219200355-5c97524c8b54 h1:0SMHxjkLKNawqUjjnMlCtEdj6uWZjv0+qDZ3F6GOADI=
github.com/kopoli/go-terminal-size v0.0.0-20170219200355-5c97524c8b54/go.mod h1:bm7MVZZvHQBfqHG5X59jrRE/3ak6HvK+/Zb6aZhLR2s=
github.com/mark-summerfield/clip v0.4.3 h1:1HEhWt9oWVB4+G+ldri/fijYyTFjidHPd6XkfN3XZzY=
github.com/mark-summerfield/clip v0.4.3/go.mod h1:zQPN8MqUMag8TElYv3AJz+gEX6UpvKGAXdsyyh+XrTY=
github.com/mark-summerfield/gong v0.4.2 h1:osqv+DliF7FCtQFXG+n3NwwgSYIuruMzqYSOU5UVTDY=
github.com/mark-summerfield/gong v0.4.2/go.mod h1:F+hSIP39FQSKkHUnyO6WDOK84VGaD2Y3wLaGIDU6fl8=
github.com/mark-summerfield/gset v0.7.0 h1:x/o9OirV6PKUBb/67aOWYdQMGpZ7iQyZ5rGSs0eTzcA=
github.com/mark-summerfield/gset v0.7.0/go.mod h1:tKC/xw9eYm52cH40BZMRTQNJRLeyio4s16djhVvP2o0=
github.com/mattn/go-isatty v0.0.16 h1:bq3VjFmv/sOjHtdEhmkEV4x1AJtvUvOJ2PFAZ5+peKQ=
github.com/mattn/go-isatty v0.0.16/go.mod h1:kYGgaQfpe5nmfYZH+SKPsOc2e4SrIfOl2e/yFXSvRLM=
golang.org/x/sys v0.0.0-20220811171246-fbc7d0a398ab/go.mod h1:oPkhp1MJrh7nUepCBck5+mAzfO9JrbApNNgaTdGDITg=
golang.org/x/sys v0.2.0 h1:ljd4t30dBnAvMZaQCevtY0xLLD0A+bRZXbgLMLU1F/A=
golang.org/x/sys v0.2.0/go.mod h1:oPkhp1MJrh7nUepCBck5+mAzfO9JrbApNNgaTdGDITg=
golang.org/x/text v0.4.0 h1:BrVqGRd7+k1DiOgtnFvAkoQEWQvBc25ouMJM6429SFg=
golang.org/x/text v0.4.0/go.mod h1:mrYo+phRRbMaCq/xk9113O4dZlRixOauAjOtrjsXDZ8=
